
Microsoft Visual Studio Solution File, Format Version 12.00
# Visual Studio Version 17
VisualStudioVersion = 17.14.36121.58 d17.14
MinimumVisualStudioVersion = 10.0.40219.1
Project("{FAE04EC0-301F-11D3-BF4B-00C04F79EFBC}") = "BlazorApp1", "BlazorApp1.csproj", "{AE7DC1D8-FDE9-4858-A92E-1A126B4723AA}"
EndProject
Global
	GlobalSection(SolutionConfigurationPlatforms) = preSolution
		Debug|Any CPU = Debug|Any CPU
		Release|Any CPU = Release|Any CPU
	EndGlobalSection
	GlobalSection(ProjectConfigurationPlatforms) = postSolution
		{AE7DC1D8-FDE9-4858-A92E-1A126B4723AA}.Debug|Any CPU.ActiveCfg = Debug|Any CPU
		{AE7DC1D8-FDE9-4858-A92E-1A126B4723AA}.Debug|Any CPU.Build.0 = Debug|Any CPU
		{AE7DC1D8-FDE9-4858-A92E-1A126B4723AA}.Release|Any CPU.ActiveCfg = Release|Any CPU
		{AE7DC1D8-FDE9-4858-A92E-1A126B4723AA}.Release|Any CPU.Build.0 = Release|Any CPU
	EndGlobalSection
	GlobalSection(SolutionProperties) = preSolution
		HideSolutionNode = FALSE
	EndGlobalSection
	GlobalSection(ExtensibilityGlobals) = postSolution
		SolutionGuid = {016EE661-F947-400A-9A0A-7391C8846AC5}
	EndGlobalSection
EndGlobal
